github.com/Data-Corruption/lmdb-go v1.2.0 h1:lfa9ialg2Qeqoo+uFcj4AtmgNGBfSrDuc3hkblOsBms=
github.com/Data-Corruption/lmdb-go v1.2.0/go.mod h1:+SOKGRO4lG1s8YqV8YE7Ryq2LuWBbXECM4AXhKSROpM=
github.com/Data-Corruption/stdx v0.4.0 h1:rie0r9J2QCt2EaI4so9+e+Oew56gHJFSrourksvywAk=
github.com/Data-Corruption/stdx v0.4.0/go.mod h1:6Pp4IuZ0tzEKvDd35gBusAPFuGCYRY0ZYCeqlu1soNg=
github.com/davecgh/go-spew v1.1.1 h1:vj9j/u1bqnvCEfJOwUhtlOARqs3+rkHYY13jYWTU97c=
github.com/davecgh/go-spew v1.1.1/go.mod h1:J7Y8YcW2NihsgmVo/mv3lAwl/skON4iLHjSsI+c5H38=
github.com/disgoorg/disgo v0.19.0-rc.12 h1:L9SC2RB9qNkrhvK+ow/MkvyU9EpxeTTR8P+A5KK88Ig=
github.com/disgoorg/disgo v0.19.0-rc.12/go.mod h1:JORF6o1leAHEo1bv2SKe0zTuUMhreIj3a7lCF025Te0=
github.com/disgoorg/json/v2 v2.0.0 h1:U16yy/ARK7/aEpzjjqK1b/KaqqGHozUdeVw/DViEzQI=
github.com/disgoorg/json/v2 v2.0.0/go.mod h1:jZTBC0nIE1WeetSEI3/Dka8g+qglb4FPVmp5I5HpEfI=
github.com/disgoorg/omit v1.0.0 h1:y0LkVUOyUHT8ZlnhIAeOZEA22UYykeysK8bLJ0SfT78=
github.com/disgoorg/omit v1.0.0/go.mod h1:RTmSARkf6PWT/UckwI0bV8XgWkWQoPppaT01rYKLcFQ=
github.com/disgoorg/snowflake/v2 v2.0.3 h1:3B+PpFjr7j4ad7oeJu4RlQ+nYOTadsKapJIzgvSI2Ro=
github.com/disgoorg/snowflake/v2 v2.0.3/go.mod h1:W6r7NUA7DwfZLwr00km6G4UnZ0zcoLBRufhkFWgAc4c=
github.com/gorilla/websocket v1.5.3 h1:saDtZ6Pbx/0u+bgYQ3q96pZgCzfhKXGPqt7kZ72aNNg=
github.com/gorilla/websocket v1.5.3/go.mod h1:YR8l580nyteQvAITg2hZ9XVh4b55+EU/adAjf1fMHhE=
github.com/klauspost/compress v1.18.0 h1:c/Cqfb0r+Yi+JtIEq73FWXVkRonBlf0CRNYc8Zttxdo=
github.com/klauspost/compress v1.18.0/go.mod h1:2Pp+KzxcywXVXMr50+X0Q/Lsb43OQHYWRCY2AiWywWQ=
github.com/pmezard/go-difflib v1.0.0 h1:4DBwDE0NGyQoBHbLQYPwSUPoCMWR5BEzIk/f1lZbAQM=
github.com/pmezard/go-difflib v1.0.0/go.mod h1:iKH77koFhYxTK1pcRnkKkqfTogsbg7gZNVY4sRDYZ/4=
github.com/sasha-s/go-csync v0.0.0-20240107134140-fcbab37b09ad h1:qIQkSlF5vAUHxEmTbaqt1hkJ/t6skqEGYiMag343ucI=
github.com/sasha-s/go-csync v0.0.0-20240107134140-fcbab37b09ad/go.mod h1:/pA7k3zsXKdjjAiUhB5CjuKib9KJGCaLvZwtxGC8U0s=
github.com/stretchr/testify v1.10.0 h1:Xv5erBjTwe/5IxqUQTdXv5kgmIvbHo3QQyRwhJsOfJA=
github.com/stretchr/testify v1.10.0/go.mod h1:r2ic/lqez/lEtzL7wO/rwa5dbSLXVDPFyf8C91i36aY=
github.com/urfave/cli/v3 v3.4.1 h1:1M9UOCy5bLmGnuu1yn3t3CB4rG79Rtoxuv1sPhnm6qM=
github.com/urfave/cli/v3 v3.4.1/go.mod h1:FJSKtM/9AiiTOJL4fJ6TbMUkxBXn7GO9guZqoZtpYpo=
golang.org/x/crypto v0.43.0 h1:dduJYIi3A3KOfdGOHX8AVZ/jGiyPa3IbBozJ5kNuE04=
golang.org/x/crypto v0.43.0/go.mod h1:BFbav4mRNlXJL4wNeejLpWxB7wMbc79PdRGhWKncxR0=
golang.org/x/mod v0.27.0 h1:kb+q2PyFnEADO2IEF935ehFUXlWiNjJWtRNgBLSfbxQ=
golang.org/x/mod v0.27.0/go.mod h1:rWI627Fq0DEoudcK+MBkNkCe0EetEaDSwJJkCcjpazc=
golang.org/x/net v0.46.0 h1:giFlY12I07fugqwPuWJi68oOnpfqFnJIJzaIIm2JVV4=
golang.org/x/net v0.46.0/go.mod h1:Q9BGdFy1y4nkUwiLvT5qtyhAnEHgnQ/zd8PfU6nc210=
golang.org/x/sys v0.37.0 h1:fdNQudmxPjkdUTPnLn5mdQv7Zwvbvpaxqs831goi9kQ=
golang.org/x/sys v0.37.0/go.mod h1:OgkHotnGiDImocRcuBABYBEXf8A9a87e/uXjp9XT3ks=
golang.org/x/time v0.14.0 h1:MRx4UaLrDotUKUdCIqzPC48t1Y9hANFKIRpNx+Te8PI=
golang.org/x/time v0.14.0/go.mod h1:eL/Oa2bBBK0TkX57Fyni+NgnyQQN4LitPmob2Hjnqw4=
gopkg.in/yaml.v3 v3.0.1 h1:fxVm/GzAzEWqLHuvctI91KS9hhNmmWOoWu0XTYJS7CA=
gopkg.in/yaml.v3 v3.0.1/go.mod h1:K4uyk7z7BCEPqu6E+C64Yfv1cQ7kz7rIZviUmN+EgEM=
